// !$*UTF8*$!
{
	archiveVersion = 1;
	classes = {
	};
	objectVersion = 46;
	objects = {

/* Begin PBXBuildFile section */
		5A4570461AF6C3D900A436AC /* main.m in Sources */ = {isa = PBXBuildFile; fileRef = 5A4570451AF6C3D900A436AC /* main.m */; };
		5A4570491AF6C3D900A436AC /* AppDelegate.m in Sources */ = {isa = PBXBuildFile; fileRef = 5A4570481AF6C3D900A436AC /* AppDelegate.m */; };
		5A4570511AF6C3D900A436AC /* Images.xcassets in Resources */ = {isa = PBXBuildFile; fileRef = 5A4570501AF6C3D900A436AC /* Images.xcassets */; };
		5A4570541AF6C3D900A436AC /* LaunchScreen.xib in Resources */ = {isa = PBXBuildFile; fileRef = 5A4570521AF6C3D900A436AC /* LaunchScreen.xib */; };
		5A4570601AF6C3D900A436AC /* GalleryTests.m in Sources */ = {isa = PBXBuildFile; fileRef = 5A45705F1AF6C3D900A436AC /* GalleryTests.m */; };
		5A4570791AF6C96100A436AC /* GADirectory.m in Sources */ = {isa = PBXBuildFile; fileRef = 5A4570721AF6C96100A436AC /* GADirectory.m */; };
		5A45707B1AF6C96100A436AC /* GAImageFile.m in Sources */ = {isa = PBXBuildFile; fileRef = 5A4570761AF6C96100A436AC /* GAImageFile.m */; };
		5A45707C1AF6C96100A436AC /* GAFile.m in Sources */ = {isa = PBXBuildFile; fileRef = 5A4570781AF6C96100A436AC /* GAFile.m */; };
		5A51E9851AF95CC3000B3576 /* GACacheManager.m in Sources */ = {isa = PBXBuildFile; fileRef = 5A51E9821AF95CC3000B3576 /* GACacheManager.m */; };
		5A51E9861AF95CC3000B3576 /* GAFileManager.m in Sources */ = {isa = PBXBuildFile; fileRef = 5A51E9841AF95CC3000B3576 /* GAFileManager.m */; };
		5A51E98A1AF96194000B3576 /* GAThumbnailView.m in Sources */ = {isa = PBXBuildFile; fileRef = 5A51E9891AF96194000B3576 /* GAThumbnailView.m */; };
		5A51E9961AF969CC000B3576 /* GAImageFileTableViewCell.m in Sources */ = {isa = PBXBuildFile; fileRef = 5A51E9941AF969CC000B3576 /* GAImageFileTableViewCell.m */; };
		5A51E9971AF969CC000B3576 /* GAImageFileTableViewCell.xib in Resources */ = {isa = PBXBuildFile; fileRef = 5A51E9951AF969CC000B3576 /* GAImageFileTableViewCell.xib */; };
		5A51E99B1AF96B8D000B3576 /* GATableViewCell.m in Sources */ = {isa = PBXBuildFile; fileRef = 5A51E99A1AF96B8D000B3576 /* GATableViewCell.m */; };
		5A51E99F1AFBE5C9000B3576 /* GASettingsManager.m in Sources */ = {isa = PBXBuildFile; fileRef = 5A51E99E1AFBE5C9000B3576 /* GASettingsManager.m */; };
		5A51E9A21AFBFBF0000B3576 /* GALogger.m in Sources */ = {isa = PBXBuildFile; fileRef = 5A51E9A11AFBFBF0000B3576 /* GALogger.m */; };
		5A51E9A51AFBFEDE000B3576 /* GALog.m in Sources */ = {isa = PBXBuildFile; fileRef = 5A51E9A41AFBFEDE000B3576 /* GALog.m */; };
		5A51E9B41AFCBAAA000B3576 /* NSMutableArray+GAStack.m in Sources */ = {isa = PBXBuildFile; fileRef = 5A51E9B31AFCBAAA000B3576 /* NSMutableArray+GAStack.m */; };
		5A51E9B71AFCC686000B3576 /* GAFile+Pointers.m in Sources */ = {isa = PBXBuildFile; fileRef = 5A51E9B61AFCC686000B3576 /* GAFile+Pointers.m */; };
		5A8664D51AFD0EB3002578F7 /* GASettingsSplitController.m in Sources */ = {isa = PBXBuildFile; fileRef = 5A8664D31AFD0EB3002578F7 /* GASettingsSplitController.m */; };
		5A8664D61AFD0EB3002578F7 /* GASettingsSplitController.xib in Resources */ = {isa = PBXBuildFile; fileRef = 5A8664D41AFD0EB3002578F7 /* GASettingsSplitController.xib */; };
		5A8664DC1AFD0F13002578F7 /* GADirectorySplitController.m in Sources */ = {isa = PBXBuildFile; fileRef = 5A8664DA1AFD0F13002578F7 /* GADirectorySplitController.m */; };
		5A8664DD1AFD0F13002578F7 /* GADirectorySplitController.xib in Resources */ = {isa = PBXBuildFile; fileRef = 5A8664DB1AFD0F13002578F7 /* GADirectorySplitController.xib */; };
		5A8665031AFD1AC2002578F7 /* GAFileDetailNavigationController.m in Sources */ = {isa = PBXBuildFile; fileRef = 5A8664E71AFD1AC2002578F7 /* GAFileDetailNavigationController.m */; };
		5A8665041AFD1AC2002578F7 /* GAFileDetailNavigationController.xib in Resources */ = {isa = PBXBuildFile; fileRef = 5A8664E81AFD1AC2002578F7 /* GAFileDetailNavigationController.xib */; };
		5A8665051AFD1AC2002578F7 /* GADiaporamaVC.m in Sources */ = {isa = PBXBuildFile; fileRef = 5A8664EB1AFD1AC2002578F7 /* GADiaporamaVC.m */; };
		5A8665061AFD1AC2002578F7 /* GADiaporamaVC.xib in Resources */ = {isa = PBXBuildFile; fileRef = 5A8664EC1AFD1AC2002578F7 /* GADiaporamaVC.xib */; };
		5A8665071AFD1AC2002578F7 /* GARightVC.m in Sources */ = {isa = PBXBuildFile; fileRef = 5A8664EF1AFD1AC2002578F7 /* GARightVC.m */; };
		5A8665081AFD1AC2002578F7 /* GARightVC.xib in Resources */ = {isa = PBXBuildFile; fileRef = 5A8664F01AFD1AC2002578F7 /* GARightVC.xib */; };
		5A8665091AFD1AC2002578F7 /* GASettingsDetailVC.m in Sources */ = {isa = PBXBuildFile; fileRef = 5A8664F41AFD1AC2002578F7 /* GASettingsDetailVC.m */; };
		5A86650A1AFD1AC2002578F7 /* GASettingsDetailVC.xib in Resources */ = {isa = PBXBuildFile; fileRef = 5A8664F51AFD1AC2002578F7 /* GASettingsDetailVC.xib */; };
		5A86650B1AFD1AC2002578F7 /* GADirectoryMasterVC.m in Sources */ = {isa = PBXBuildFile; fileRef = 5A8664FA1AFD1AC2002578F7 /* GADirectoryMasterVC.m */; };
		5A86650C1AFD1AC2002578F7 /* GADirectoryMasterVC.xib in Resources */ = {isa = PBXBuildFile; fileRef = 5A8664FB1AFD1AC2002578F7 /* GADirectoryMasterVC.xib */; };
		5A86650D1AFD1AC2002578F7 /* GADirectoryNavigationController.m in Sources */ = {isa = PBXBuildFile; fileRef = 5A8664FD1AFD1AC2002578F7 /* GADirectoryNavigationController.m */; };
		5A86650E1AFD1AC2002578F7 /* GADirectoryNavigationController.xib in Resources */ = {isa = PBXBuildFile; fileRef = 5A8664FE1AFD1AC2002578F7 /* GADirectoryNavigationController.xib */; };
		5A8665151AFD1B17002578F7 /* GASettingsMasterVC.m in Sources */ = {isa = PBXBuildFile; fileRef = 5A8665131AFD1B17002578F7 /* GASettingsMasterVC.m */; };
		5A8665161AFD1B17002578F7 /* GASettingsMasterVC.xib in Resources */ = {isa = PBXBuildFile; fileRef = 5A8665141AFD1B17002578F7 /* GASettingsMasterVC.xib */; };
/* End PBXBuildFile section */

/* Begin PBXContainerItemProxy section */
		5A45705A1AF6C3D900A436AC /* PBXContainerItemProxy */ = {
			isa = PBXContainerItemProxy;
			containerPortal = 5A4570381AF6C3D900A436AC /* Project object */;
			proxyType = 1;
			remoteGlobalIDString = 5A45703F1AF6C3D900A436AC;
			remoteInfo = Gallery;
		};
/* End PBXContainerItemProxy section */

/* Begin PBXFileReference section */
		5A4570401AF6C3D900A436AC /* Gallery.app */ = {isa = PBXFileReference; explicitFileType = wrapper.application; includeInIndex = 0; path = Gallery.app; sourceTree = BUILT_PRODUCTS_DIR; };
		5A4570441AF6C3D900A436AC /* Info.plist */ = {isa = PBXFileReference; lastKnownFileType = text.plist.xml; path = Info.plist; sourceTree = "<group>"; };
		5A4570451AF6C3D900A436AC /* main.m */ = {isa = PBXFileReference; lastKnownFileType = sourcecode.c.objc; path = main.m; sourceTree = "<group>"; };
		5A4570471AF6C3D900A436AC /* AppDelegate.h */ = {isa = PBXFileReference; lastKnownFileType = sourcecode.c.h; path = AppDelegate.h; sourceTree = "<group>"; };
		5A4570481AF6C3D900A436AC /* AppDelegate.m */ = {isa = PBXFileReference; lastKnownFileType = sourcecode.c.objc; path = AppDelegate.m; sourceTree = "<group>"; };
		5A4570501AF6C3D900A436AC /* Images.xcassets */ = {isa = PBXFileReference; lastKnownFileType = folder.assetcatalog; path = Images.xcassets; sourceTree = "<group>"; };
		5A4570531AF6C3D900A436AC /* Base */ = {isa = PBXFileReference; lastKnownFileType = file.xib; name = Base; path = Base.lproj/LaunchScreen.xib; sourceTree = "<group>"; };
		5A4570591AF6C3D900A436AC /* GalleryTests.xctest */ = {isa = PBXFileReference; explicitFileType = wrapper.cfbundle; includeInIndex = 0; path = GalleryTests.xctest; sourceTree = BUILT_PRODUCTS_DIR; };
		5A45705E1AF6C3D900A436AC /* Info.plist */ = {isa = PBXFileReference; lastKnownFileType = text.plist.xml; path = Info.plist; sourceTree = "<group>"; };
		5A45705F1AF6C3D900A436AC /* GalleryTests.m */ = {isa = PBXFileReference; lastKnownFileType = sourcecode.c.objc; path = GalleryTests.m; sourceTree = "<group>"; };
		5A4570711AF6C96100A436AC /* GADirectory.h */ = {isa = PBXFileReference; fileEncoding = 4; lastKnownFileType = sourcecode.c.h; path = GADirectory.h; sourceTree = "<group>"; };
		5A4570721AF6C96100A436AC /* GADirectory.m */ = {isa = PBXFileReference; fileEncoding = 4; lastKnownFileType = sourcecode.c.objc; path = GADirectory.m; sourceTree = "<group>"; };
		5A4570751AF6C96100A436AC /* GAImageFile.h */ = {isa = PBXFileReference; fileEncoding = 4; lastKnownFileType = sourcecode.c.h; path = GAImageFile.h; sourceTree = "<group>"; };
		5A4570761AF6C96100A436AC /* GAImageFile.m */ = {isa = PBXFileReference; fileEncoding = 4; lastKnownFileType = sourcecode.c.objc; path = GAImageFile.m; sourceTree = "<group>"; };
		5A4570771AF6C96100A436AC /* GAFile.h */ = {isa = PBXFileReference; fileEncoding = 4; lastKnownFileType = sourcecode.c.h; path = GAFile.h; sourceTree = "<group>"; };
		5A4570781AF6C96100A436AC /* GAFile.m */ = {isa = PBXFileReference; fileEncoding = 4; lastKnownFileType = sourcecode.c.objc; path = GAFile.m; sourceTree = "<group>"; };
		5A51E9811AF95CC3000B3576 /* GACacheManager.h */ = {isa = PBXFileReference; fileEncoding = 4; lastKnownFileType = sourcecode.c.h; path = GACacheManager.h; sourceTree = "<group>"; };
		5A51E9821AF95CC3000B3576 /* GACacheManager.m */ = {isa = PBXFileReference; fileEncoding = 4; lastKnownFileType = sourcecode.c.objc; path = GACacheManager.m; sourceTree = "<group>"; };
		5A51E9831AF95CC3000B3576 /* GAFileManager.h */ = {isa = PBXFileReference; fileEncoding = 4; lastKnownFileType = sourcecode.c.h; path = GAFileManager.h; sourceTree = "<group>"; };
		5A51E9841AF95CC3000B3576 /* GAFileManager.m */ = {isa = PBXFileReference; fileEncoding = 4; lastKnownFileType = sourcecode.c.objc; path = GAFileManager.m; sourceTree = "<group>"; };
		5A51E9881AF96194000B3576 /* GAThumbnailView.h */ = {isa = PBXFileReference; fileEncoding = 4; lastKnownFileType = sourcecode.c.h; name = GAThumbnailView.h; path = GAThumbnailView/GAThumbnailView.h; sourceTree = "<group>"; };
		5A51E9891AF96194000B3576 /* GAThumbnailView.m */ = {isa = PBXFileReference; fileEncoding = 4; lastKnownFileType = sourcecode.c.objc; name = GAThumbnailView.m; path = GAThumbnailView/GAThumbnailView.m; sourceTree = "<group>"; };
		5A51E9931AF969CC000B3576 /* GAImageFileTableViewCell.h */ = {isa = PBXFileReference; fileEncoding = 4; lastKnownFileType = sourcecode.c.h; name = GAImageFileTableViewCell.h; path = GAImageFileTableViewCell/GAImageFileTableViewCell.h; sourceTree = "<group>"; };
		5A51E9941AF969CC000B3576 /* GAImageFileTableViewCell.m */ = {isa = PBXFileReference; fileEncoding = 4; lastKnownFileType = sourcecode.c.objc; name = GAImageFileTableViewCell.m; path = GAImageFileTableViewCell/GAImageFileTableViewCell.m; sourceTree = "<group>"; };
		5A51E9951AF969CC000B3576 /* GAImageFileTableViewCell.xib */ = {isa = PBXFileReference; fileEncoding = 4; lastKnownFileType = file.xib; name = GAImageFileTableViewCell.xib; path = GAImageFileTableViewCell/GAImageFileTableViewCell.xib; sourceTree = "<group>"; };
		5A51E9991AF96B8D000B3576 /* GATableViewCell.h */ = {isa = PBXFileReference; fileEncoding = 4; lastKnownFileType = sourcecode.c.h; name = GATableViewCell.h; path = GATableViewCell/GATableViewCell.h; sourceTree = "<group>"; };
		5A51E99A1AF96B8D000B3576 /* GATableViewCell.m */ = {isa = PBXFileReference; fileEncoding = 4; lastKnownFileType = sourcecode.c.objc; name = GATableViewCell.m; path = GATableViewCell/GATableViewCell.m; sourceTree = "<group>"; };
		5A51E99D1AFBE5C9000B3576 /* GASettingsManager.h */ = {isa = PBXFileReference; fileEncoding = 4; lastKnownFileType = sourcecode.c.h; path = GASettingsManager.h; sourceTree = "<group>"; };
		5A51E99E1AFBE5C9000B3576 /* GASettingsManager.m */ = {isa = PBXFileReference; fileEncoding = 4; lastKnownFileType = sourcecode.c.objc; path = GASettingsManager.m; sourceTree = "<group>"; };
		5A51E9A01AFBFBF0000B3576 /* GALogger.h */ = {isa = PBXFileReference; fileEncoding = 4; lastKnownFileType = sourcecode.c.h; path = GALogger.h; sourceTree = "<group>"; };
		5A51E9A11AFBFBF0000B3576 /* GALogger.m */ = {isa = PBXFileReference; fileEncoding = 4; lastKnownFileType = sourcecode.c.objc; path = GALogger.m; sourceTree = "<group>"; };
		5A51E9A31AFBFEDE000B3576 /* GALog.h */ = {isa = PBXFileReference; fileEncoding = 4; lastKnownFileType = sourcecode.c.h; path = GALog.h; sourceTree = "<group>"; };
		5A51E9A41AFBFEDE000B3576 /* GALog.m */ = {isa = PBXFileReference; fileEncoding = 4; lastKnownFileType = sourcecode.c.objc; path = GALog.m; sourceTree = "<group>"; };
		5A51E9B21AFCBAAA000B3576 /* NSMutableArray+GAStack.h */ = {isa = PBXFileReference; fileEncoding = 4; lastKnownFileType = sourcecode.c.h; path = "NSMutableArray+GAStack.h"; sourceTree = "<group>"; };
		5A51E9B31AFCBAAA000B3576 /* NSMutableArray+GAStack.m */ = {isa = PBXFileReference; fileEncoding = 4; lastKnownFileType = sourcecode.c.objc; path = "NSMutableArray+GAStack.m"; sourceTree = "<group>"; };
		5A51E9B51AFCC686000B3576 /* GAFile+Pointers.h */ = {isa = PBXFileReference; fileEncoding = 4; lastKnownFileType = sourcecode.c.h; path = "GAFile+Pointers.h"; sourceTree = "<group>"; };
		5A51E9B61AFCC686000B3576 /* GAFile+Pointers.m */ = {isa = PBXFileReference; fileEncoding = 4; lastKnownFileType = sourcecode.c.objc; path = "GAFile+Pointers.m"; sourceTree = "<group>"; };
		5A8664D21AFD0EB3002578F7 /* GASettingsSplitController.h */ = {isa = PBXFileReference; fileEncoding = 4; lastKnownFileType = sourcecode.c.h; name = GASettingsSplitController.h; path = GASettingsSplitController/GASettingsSplitController.h; sourceTree = "<group>"; };
		5A8664D31AFD0EB3002578F7 /* GASettingsSplitController.m */ = {isa = PBXFileReference; fileEncoding = 4; lastKnownFileType = sourcecode.c.objc; name = GASettingsSplitController.m; path = GASettingsSplitController/GASettingsSplitController.m; sourceTree = "<group>"; };
		5A8664D41AFD0EB3002578F7 /* GASettingsSplitController.xib */ = {isa = PBXFileReference; fileEncoding = 4; lastKnownFileType = file.xib; name = GASettingsSplitController.xib; path = GASettingsSplitController/GASettingsSplitController.xib; sourceTree = "<group>"; };
		5A8664D91AFD0F13002578F7 /* GADirectorySplitController.h */ = {isa = PBXFileReference; fileEncoding = 4; lastKnownFileType = sourcecode.c.h; path = GADirectorySplitController.h; sourceTree = "<group>"; };
		5A8664DA1AFD0F13002578F7 /* GADirectorySplitController.m */ = {isa = PBXFileReference; fileEncoding = 4; lastKnownFileType = sourcecode.c.objc; path = GADirectorySplitController.m; sourceTree = "<group>"; };
		5A8664DB1AFD0F13002578F7 /* GADirectorySplitController.xib */ = {isa = PBXFileReference; fileEncoding = 4; lastKnownFileType = file.xib; path = GADirectorySplitController.xib; sourceTree = "<group>"; };
		5A8664E61AFD1AC2002578F7 /* GAFileDetailNavigationController.h */ = {isa = PBXFileReference; fileEncoding = 4; lastKnownFileType = sourcecode.c.h; path = GAFileDetailNavigationController.h; sourceTree = "<group>"; };
		5A8664E71AFD1AC2002578F7 /* GAFileDetailNavigationController.m */ = {isa = PBXFileReference; fileEncoding = 4; lastKnownFileType = sourcecode.c.objc; path = GAFileDetailNavigationController.m; sourceTree = "<group>"; };
		5A8664E81AFD1AC2002578F7 /* GAFileDetailNavigationController.xib */ = {isa = PBXFileReference; fileEncoding = 4; lastKnownFileType = file.xib; path = GAFileDetailNavigationController.xib; sourceTree = "<group>"; };
		5A8664EA1AFD1AC2002578F7 /* GADiaporamaVC.h */ = {isa = PBXFileReference; fileEncoding = 4; lastKnownFileType = sourcecode.c.h; path = GADiaporamaVC.h; sourceTree = "<group>"; };
		5A8664EB1AFD1AC2002578F7 /* GADiaporamaVC.m */ = {isa = PBXFileReference; fileEncoding = 4; lastKnownFileType = sourcecode.c.objc; path = GADiaporamaVC.m; sourceTree = "<group>"; };
		5A8664EC1AFD1AC2002578F7 /* GADiaporamaVC.xib */ = {isa = PBXFileReference; fileEncoding = 4; lastKnownFileType = file.xib; path = GADiaporamaVC.xib; sourceTree = "<group>"; };
		5A8664EE1AFD1AC2002578F7 /* GARightVC.h */ = {isa = PBXFileReference; fileEncoding = 4; lastKnownFileType = sourcecode.c.h; path = GARightVC.h; sourceTree = "<group>"; };
		5A8664EF1AFD1AC2002578F7 /* GARightVC.m */ = {isa = PBXFileReference; fileEncoding = 4; lastKnownFileType = sourcecode.c.objc; path = GARightVC.m; sourceTree = "<group>"; };
		5A8664F01AFD1AC2002578F7 /* GARightVC.xib */ = {isa = PBXFileReference; fileEncoding = 4; lastKnownFileType = file.xib; path = GARightVC.xib; sourceTree = "<group>"; };
		5A8664F31AFD1AC2002578F7 /* GASettingsDetailVC.h */ = {isa = PBXFileReference; fileEncoding = 4; lastKnownFileType = sourcecode.c.h; path = GASettingsDetailVC.h; sourceTree = "<group>"; };
		5A8664F41AFD1AC2002578F7 /* GASettingsDetailVC.m */ = {isa = PBXFileReference; fileEncoding = 4; lastKnownFileType = sourcecode.c.objc; path = GASettingsDetailVC.m; sourceTree = "<group>"; };
		5A8664F51AFD1AC2002578F7 /* GASettingsDetailVC.xib */ = {isa = PBXFileReference; fileEncoding = 4; lastKnownFileType = file.xib; path = GASettingsDetailVC.xib; sourceTree = "<group>"; };
		5A8664F91AFD1AC2002578F7 /* GADirectoryMasterVC.h */ = {isa = PBXFileReference; fileEncoding = 4; lastKnownFileType = sourcecode.c.h; path = GADirectoryMasterVC.h; sourceTree = "<group>"; };
		5A8664FA1AFD1AC2002578F7 /* GADirectoryMasterVC.m */ = {isa = PBXFileReference; fileEncoding = 4; lastKnownFileType = sourcecode.c.objc; path = GADirectoryMasterVC.m; sourceTree = "<group>"; };
		5A8664FB1AFD1AC2002578F7 /* GADirectoryMasterVC.xib */ = {isa = PBXFileReference; fileEncoding = 4; lastKnownFileType = file.xib; path = GADirectoryMasterVC.xib; sourceTree = "<group>"; };
		5A8664FC1AFD1AC2002578F7 /* GADirectoryNavigationController.h */ = {isa = PBXFileReference; fileEncoding = 4; lastKnownFileType = sourcecode.c.h; path = GADirectoryNavigationController.h; sourceTree = "<group>"; };
		5A8664FD1AFD1AC2002578F7 /* GADirectoryNavigationController.m */ = {isa = PBXFileReference; fileEncoding = 4; lastKnownFileType = sourcecode.c.objc; path = GADirectoryNavigationController.m; sourceTree = "<group>"; };
		5A8664FE1AFD1AC2002578F7 /* GADirectoryNavigationController.xib */ = {isa = PBXFileReference; fileEncoding = 4; lastKnownFileType = file.xib; path = GADirectoryNavigationController.xib; sourceTree = "<group>"; };
		5A8665121AFD1B17002578F7 /* GASettingsMasterVC.h */ = {isa = PBXFileReference; fileEncoding = 4; lastKnownFileType = sourcecode.c.h; path = GASettingsMasterVC.h; sourceTree = "<group>"; };
		5A8665131AFD1B17002578F7 /* GASettingsMasterVC.m */ = {isa = PBXFileReference; fileEncoding = 4; lastKnownFileType = sourcecode.c.objc; path = GASettingsMasterVC.m; sourceTree = "<group>"; };
		5A8665141AFD1B17002578F7 /* GASettingsMasterVC.xib */ = {isa = PBXFileReference; fileEncoding = 4; lastKnownFileType = file.xib; path = GASettingsMasterVC.xib; sourceTree = "<group>"; };
/* End PBXFileReference section */

/* Begin PBXFrameworksBuildPhase section */
		5A45703D1AF6C3D900A436AC /* Frameworks */ = {
			isa = PBXFrameworksBuildPhase;
			buildActionMask = 2147483647;
			files = (
			);
			runOnlyForDeploymentPostprocessing = 0;
		};
		5A4570561AF6C3D900A436AC /* Frameworks */ = {
			isa = PBXFrameworksBuildPhase;
			buildActionMask = 2147483647;
			files = (
			);
			runOnlyForDeploymentPostprocessing = 0;
		};
/* End PBXFrameworksBuildPhase section */

/* Begin PBXGroup section */
		5A4570371AF6C3D900A436AC = {
			isa = PBXGroup;
			children = (
				5A4570421AF6C3D900A436AC /* Gallery */,
				5A45705C1AF6C3D900A436AC /* GalleryTests */,
				5A4570411AF6C3D900A436AC /* Products */,
			);
			sourceTree = "<group>";
		};
		5A4570411AF6C3D900A436AC /* Products */ = {
			isa = PBXGroup;
			children = (
				5A4570401AF6C3D900A436AC /* Gallery.app */,
				5A4570591AF6C3D900A436AC /* GalleryTests.xctest */,
			);
			name = Products;
			sourceTree = "<group>";
		};
		5A4570421AF6C3D900A436AC /* Gallery */ = {
			isa = PBXGroup;
			children = (
				5A4570471AF6C3D900A436AC /* AppDelegate.h */,
				5A4570481AF6C3D900A436AC /* AppDelegate.m */,
				5A4570701AF6C96100A436AC /* Model */,
				5A51E9871AF96129000B3576 /* Views */,
				5A4570691AF6C63700A436AC /* Controllers */,
				5A4570501AF6C3D900A436AC /* Images.xcassets */,
				5A4570521AF6C3D900A436AC /* LaunchScreen.xib */,
				5A4570431AF6C3D900A436AC /* Supporting Files */,
			);
			path = Gallery;
			sourceTree = "<group>";
		};
		5A4570431AF6C3D900A436AC /* Supporting Files */ = {
			isa = PBXGroup;
			children = (
				5A4570441AF6C3D900A436AC /* Info.plist */,
				5A4570451AF6C3D900A436AC /* main.m */,
			);
			name = "Supporting Files";
			sourceTree = "<group>";
		};
		5A45705C1AF6C3D900A436AC /* GalleryTests */ = {
			isa = PBXGroup;
			children = (
				5A45705F1AF6C3D900A436AC /* GalleryTests.m */,
				5A45705D1AF6C3D900A436AC /* Supporting Files */,
			);
			path = GalleryTests;
			sourceTree = "<group>";
		};
		5A45705D1AF6C3D900A436AC /* Supporting Files */ = {
			isa = PBXGroup;
			children = (
				5A45705E1AF6C3D900A436AC /* Info.plist */,
			);
			name = "Supporting Files";
			sourceTree = "<group>";
		};
		5A4570691AF6C63700A436AC /* Controllers */ = {
			isa = PBXGroup;
			children = (
				5A8664D81AFD0F13002578F7 /* GADirectorySplitController */,
				5A8664D71AFD0EB6002578F7 /* GASettingsSplitController */,
				5A8664E41AFD1AC2002578F7 /* DetailViewControllers */,
				5A8664F61AFD1AC2002578F7 /* MasterViewControllers */,
			);
			path = Controllers;
			sourceTree = "<group>";
		};
		5A4570701AF6C96100A436AC /* Model */ = {
			isa = PBXGroup;
			children = (
				5A51E9801AF95CC3000B3576 /* Managers */,
				5A4570711AF6C96100A436AC /* GADirectory.h */,
				5A4570721AF6C96100A436AC /* GADirectory.m */,
				5A4570751AF6C96100A436AC /* GAImageFile.h */,
				5A4570761AF6C96100A436AC /* GAImageFile.m */,
				5A4570771AF6C96100A436AC /* GAFile.h */,
				5A4570781AF6C96100A436AC /* GAFile.m */,
				5A51E9B51AFCC686000B3576 /* GAFile+Pointers.h */,
				5A51E9B61AFCC686000B3576 /* GAFile+Pointers.m */,
				5A51E9A31AFBFEDE000B3576 /* GALog.h */,
				5A51E9A41AFBFEDE000B3576 /* GALog.m */,
				5A51E9B21AFCBAAA000B3576 /* NSMutableArray+GAStack.h */,
				5A51E9B31AFCBAAA000B3576 /* NSMutableArray+GAStack.m */,
			);
			path = Model;
			sourceTree = "<group>";
		};
		5A51E9801AF95CC3000B3576 /* Managers */ = {
			isa = PBXGroup;
			children = (
				5A51E9811AF95CC3000B3576 /* GACacheManager.h */,
				5A51E9821AF95CC3000B3576 /* GACacheManager.m */,
				5A51E9831AF95CC3000B3576 /* GAFileManager.h */,
				5A51E9841AF95CC3000B3576 /* GAFileManager.m */,
				5A51E99D1AFBE5C9000B3576 /* GASettingsManager.h */,
				5A51E99E1AFBE5C9000B3576 /* GASettingsManager.m */,
				5A51E9A01AFBFBF0000B3576 /* GALogger.h */,
				5A51E9A11AFBFBF0000B3576 /* GALogger.m */,
			);
			path = Managers;
			sourceTree = "<group>";
		};
		5A51E9871AF96129000B3576 /* Views */ = {
			isa = PBXGroup;
			children = (
				5A51E98C1AF96964000B3576 /* TableViewCells */,
				5A51E98B1AF967F5000B3576 /* GAThumbnailView */,
			);
			path = Views;
			sourceTree = "<group>";
		};
		5A51E98B1AF967F5000B3576 /* GAThumbnailView */ = {
			isa = PBXGroup;
			children = (
				5A51E9881AF96194000B3576 /* GAThumbnailView.h */,
				5A51E9891AF96194000B3576 /* GAThumbnailView.m */,
			);
			name = GAThumbnailView;
			sourceTree = "<group>";
		};
		5A51E98C1AF96964000B3576 /* TableViewCells */ = {
			isa = PBXGroup;
			children = (
				5A51E99C1AF96B92000B3576 /* GATableViewCell */,
				5A51E9981AF969D1000B3576 /* GAImageFileTableViewCell */,
			);
			path = TableViewCells;
			sourceTree = "<group>";
		};
		5A51E9981AF969D1000B3576 /* GAImageFileTableViewCell */ = {
			isa = PBXGroup;
			children = (
				5A51E9931AF969CC000B3576 /* GAImageFileTableViewCell.h */,
				5A51E9941AF969CC000B3576 /* GAImageFileTableViewCell.m */,
				5A51E9951AF969CC000B3576 /* GAImageFileTableViewCell.xib */,
			);
			name = GAImageFileTableViewCell;
			sourceTree = "<group>";
		};
		5A51E99C1AF96B92000B3576 /* GATableViewCell */ = {
			isa = PBXGroup;
			children = (
				5A51E9991AF96B8D000B3576 /* GATableViewCell.h */,
				5A51E99A1AF96B8D000B3576 /* GATableViewCell.m */,
			);
			name = GATableViewCell;
			sourceTree = "<group>";
		};
		5A8664D71AFD0EB6002578F7 /* GASettingsSplitController */ = {
			isa = PBXGroup;
			children = (
				5A8664D21AFD0EB3002578F7 /* GASettingsSplitController.h */,
				5A8664D31AFD0EB3002578F7 /* GASettingsSplitController.m */,
				5A8664D41AFD0EB3002578F7 /* GASettingsSplitController.xib */,
			);
			name = GASettingsSplitController;
			sourceTree = "<group>";
		};
		5A8664D81AFD0F13002578F7 /* GADirectorySplitController */ = {
			isa = PBXGroup;
			children = (
				5A8664D91AFD0F13002578F7 /* GADirectorySplitController.h */,
				5A8664DA1AFD0F13002578F7 /* GADirectorySplitController.m */,
				5A8664DB1AFD0F13002578F7 /* GADirectorySplitController.xib */,
			);
			path = GADirectorySplitController;
			sourceTree = "<group>";
		};
		5A8664E41AFD1AC2002578F7 /* DetailViewControllers */ = {
			isa = PBXGroup;
			children = (
				5A8664E51AFD1AC2002578F7 /* GAFileDetailNavigationController */,
				5A8664F11AFD1AC2002578F7 /* GASettingsDetailNavigationController */,
			);
			path = DetailViewControllers;
			sourceTree = "<group>";
		};
		5A8664E51AFD1AC2002578F7 /* GAFileDetailNavigationController */ = {
			isa = PBXGroup;
			children = (
				5A8664E61AFD1AC2002578F7 /* GAFileDetailNavigationController.h */,
				5A8664E71AFD1AC2002578F7 /* GAFileDetailNavigationController.m */,
				5A8664E81AFD1AC2002578F7 /* GAFileDetailNavigationController.xib */,
				5A8664E91AFD1AC2002578F7 /* GADiaporamaVC */,
				5A8664ED1AFD1AC2002578F7 /* GARightVC */,
			);
			path = GAFileDetailNavigationController;
			sourceTree = "<group>";
		};
		5A8664E91AFD1AC2002578F7 /* GADiaporamaVC */ = {
			isa = PBXGroup;
			children = (
				5A8664EA1AFD1AC2002578F7 /* GADiaporamaVC.h */,
				5A8664EB1AFD1AC2002578F7 /* GADiaporamaVC.m */,
				5A8664EC1AFD1AC2002578F7 /* GADiaporamaVC.xib */,
			);
			path = GADiaporamaVC;
			sourceTree = "<group>";
		};
		5A8664ED1AFD1AC2002578F7 /* GARightVC */ = {
			isa = PBXGroup;
			children = (
				5A8664EE1AFD1AC2002578F7 /* GARightVC.h */,
				5A8664EF1AFD1AC2002578F7 /* GARightVC.m */,
				5A8664F01AFD1AC2002578F7 /* GARightVC.xib */,
			);
			path = GARightVC;
			sourceTree = "<group>";
		};
		5A8664F11AFD1AC2002578F7 /* GASettingsDetailNavigationController */ = {
			isa = PBXGroup;
			children = (
				5A8664F21AFD1AC2002578F7 /* GASettingsDetailVC */,
			);
			path = GASettingsDetailNavigationController;
			sourceTree = "<group>";
		};
		5A8664F21AFD1AC2002578F7 /* GASettingsDetailVC */ = {
			isa = PBXGroup;
			children = (
				5A8664F31AFD1AC2002578F7 /* GASettingsDetailVC.h */,
				5A8664F41AFD1AC2002578F7 /* GASettingsDetailVC.m */,
				5A8664F51AFD1AC2002578F7 /* GASettingsDetailVC.xib */,
			);
			path = GASettingsDetailVC;
			sourceTree = "<group>";
		};
		5A8664F61AFD1AC2002578F7 /* MasterViewControllers */ = {
			isa = PBXGroup;
			children = (
				5A8665111AFD1B17002578F7 /* GASettingsMasterVC */,
				5A8664F71AFD1AC2002578F7 /* GADirectoryNavigationController */,
			);
			path = MasterViewControllers;
			sourceTree = "<group>";
		};
		5A8664F71AFD1AC2002578F7 /* GADirectoryNavigationController */ = {
			isa = PBXGroup;
			children = (
				5A8664FC1AFD1AC2002578F7 /* GADirectoryNavigationController.h */,
				5A8664FD1AFD1AC2002578F7 /* GADirectoryNavigationController.m */,
				5A8664FE1AFD1AC2002578F7 /* GADirectoryNavigationController.xib */,
				5A8664F81AFD1AC2002578F7 /* GADirectoryMasterVC */,
			);
			path = GADirectoryNavigationController;
			sourceTree = "<group>";
		};
		5A8664F81AFD1AC2002578F7 /* GADirectoryMasterVC */ = {
			isa = PBXGroup;
			children = (
				5A8664F91AFD1AC2002578F7 /* GADirectoryMasterVC.h */,
				5A8664FA1AFD1AC2002578F7 /* GADirectoryMasterVC.m */,
				5A8664FB1AFD1AC2002578F7 /* GADirectoryMasterVC.xib */,
			);
			path = GADirectoryMasterVC;
			sourceTree = "<group>";
		};
		5A8665111AFD1B17002578F7 /* GASettingsMasterVC */ = {
			isa = PBXGroup;
			children = (
				5A8665121AFD1B17002578F7 /* GASettingsMasterVC.h */,
				5A8665131AFD1B17002578F7 /* GASettingsMasterVC.m */,
				5A8665141AFD1B17002578F7 /* GASettingsMasterVC.xib */,
			);
			path = GASettingsMasterVC;
			sourceTree = "<group>";
		};
/* End PBXGroup section */

/* Begin PBXNativeTarget section */
		5A45703F1AF6C3D900A436AC /* Gallery */ = {
			isa = PBXNativeTarget;
			buildConfigurationList = 5A4570631AF6C3D900A436AC /* Build configuration list for PBXNativeTarget "Gallery" */;
			buildPhases = (
				5A45703C1AF6C3D900A436AC /* Sources */,
				5A45703D1AF6C3D900A436AC /* Frameworks */,
				5A45703E1AF6C3D900A436AC /* Resources */,
			);
			buildRules = (
			);
			dependencies = (
			);
			name = Gallery;
			productName = Gallery;
			productReference = 5A4570401AF6C3D900A436AC /* Gallery.app */;
			productType = "com.apple.product-type.application";
		};
		5A4570581AF6C3D900A436AC /* GalleryTests */ = {
			isa = PBXNativeTarget;
			buildConfigurationList = 5A4570661AF6C3D900A436AC /* Build configuration list for PBXNativeTarget "GalleryTests" */;
			buildPhases = (
				5A4570551AF6C3D900A436AC /* Sources */,
				5A4570561AF6C3D900A436AC /* Frameworks */,
				5A4570571AF6C3D900A436AC /* Resources */,
			);
			buildRules = (
			);
			dependencies = (
				5A45705B1AF6C3D900A436AC /* PBXTargetDependency */,
			);
			name = GalleryTests;
			productName = GalleryTests;
			productReference = 5A4570591AF6C3D900A436AC /* GalleryTests.xctest */;
			productType = "com.apple.product-type.bundle.unit-test";
		};
/* End PBXNativeTarget section */

/* Begin PBXProject section */
		5A4570381AF6C3D900A436AC /* Project object */ = {
			isa = PBXProject;
			attributes = {
				LastUpgradeCheck = 0620;
				ORGANIZATIONNAME = "Tanguy Hélesbeux";
				TargetAttributes = {
					5A45703F1AF6C3D900A436AC = {
						CreatedOnToolsVersion = 6.2;
					};
					5A4570581AF6C3D900A436AC = {
						CreatedOnToolsVersion = 6.2;
						TestTargetID = 5A45703F1AF6C3D900A436AC;
					};
				};
			};
			buildConfigurationList = 5A45703B1AF6C3D900A436AC /* Build configuration list for PBXProject "Gallery" */;
			compatibilityVersion = "Xcode 3.2";
			developmentRegion = English;
			hasScannedForEncodings = 0;
			knownRegions = (
				en,
				Base,
			);
			mainGroup = 5A4570371AF6C3D900A436AC;
			productRefGroup = 5A4570411AF6C3D900A436AC /* Products */;
			projectDirPath = "";
			projectRoot = "";
			targets = (
				5A45703F1AF6C3D900A436AC /* Gallery */,
				5A4570581AF6C3D900A436AC /* GalleryTests */,
			);
		};
/* End PBXProject section */

/* Begin PBXResourcesBuildPhase section */
		5A45703E1AF6C3D900A436AC /* Resources */ = {
			isa = PBXResourcesBuildPhase;
			buildActionMask = 2147483647;
			files = (
				5A8665061AFD1AC2002578F7 /* GADiaporamaVC.xib in Resources */,
				5A51E9971AF969CC000B3576 /* GAImageFileTableViewCell.xib in Resources */,
				5A86650A1AFD1AC2002578F7 /* GASettingsDetailVC.xib in Resources */,
				5A8665161AFD1B17002578F7 /* GASettingsMasterVC.xib in Resources */,
				5A8664DD1AFD0F13002578F7 /* GADirectorySplitController.xib in Resources */,
				5A86650E1AFD1AC2002578F7 /* GADirectoryNavigationController.xib in Resources */,
				5A86650C1AFD1AC2002578F7 /* GADirectoryMasterVC.xib in Resources */,
				5A8665041AFD1AC2002578F7 /* GAFileDetailNavigationController.xib in Resources */,
				5A4570541AF6C3D900A436AC /* LaunchScreen.xib in Resources */,
				5A8665081AFD1AC2002578F7 /* GARightVC.xib in Resources */,
				5A4570511AF6C3D900A436AC /* Images.xcassets in Resources */,
				5A8664D61AFD0EB3002578F7 /* GASettingsSplitController.xib in Resources */,
			);
			runOnlyForDeploymentPostprocessing = 0;
		};
		5A4570571AF6C3D900A436AC /* Resources */ = {
			isa = PBXResourcesBuildPhase;
			buildActionMask = 2147483647;
			files = (
			);
			runOnlyForDeploymentPostprocessing = 0;
		};
/* End PBXResourcesBuildPhase section */

/* Begin PBXSourcesBuildPhase section */
		5A45703C1AF6C3D900A436AC /* Sources */ = {
			isa = PBXSourcesBuildPhase;
			buildActionMask = 2147483647;
			files = (
				5A4570491AF6C3D900A436AC /* AppDelegate.m in Sources */,
				5A8664D51AFD0EB3002578F7 /* GASettingsSplitController.m in Sources */,
				5A51E9B41AFCBAAA000B3576 /* NSMutableArray+GAStack.m in Sources */,
				5A51E99F1AFBE5C9000B3576 /* GASettingsManager.m in Sources */,
				5A8665031AFD1AC2002578F7 /* GAFileDetailNavigationController.m in Sources */,
				5A4570461AF6C3D900A436AC /* main.m in Sources */,
				5A51E98A1AF96194000B3576 /* GAThumbnailView.m in Sources */,
				5A51E9A51AFBFEDE000B3576 /* GALog.m in Sources */,
				5A45707C1AF6C96100A436AC /* GAFile.m in Sources */,
				5A45707B1AF6C96100A436AC /* GAImageFile.m in Sources */,
				5A8664DC1AFD0F13002578F7 /* GADirectorySplitController.m in Sources */,
				5A8665151AFD1B17002578F7 /* GASettingsMasterVC.m in Sources */,
				5A51E9B71AFCC686000B3576 /* GAFile+Pointers.m in Sources */,
				5A86650D1AFD1AC2002578F7 /* GADirectoryNavigationController.m in Sources */,
				5A4570791AF6C96100A436AC /* GADirectory.m in Sources */,
				5A8665071AFD1AC2002578F7 /* GARightVC.m in Sources */,
				5A86650B1AFD1AC2002578F7 /* GADirectoryMasterVC.m in Sources */,
				5A51E99B1AF96B8D000B3576 /* GATableViewCell.m in Sources */,
				5A51E9861AF95CC3000B3576 /* GAFileManager.m in Sources */,
				5A51E9851AF95CC3000B3576 /* GACacheManager.m in Sources */,
				5A8665091AFD1AC2002578F7 /* GASettingsDetailVC.m in Sources */,
				5A8665051AFD1AC2002578F7 /* GADiaporamaVC.m in Sources */,
				5A51E9A21AFBFBF0000B3576 /* GALogger.m in Sources */,
				5A51E9961AF969CC000B3576 /* GAImageFileTableViewCell.m in Sources */,
			);
			runOnlyForDeploymentPostprocessing = 0;
		};
		5A4570551AF6C3D900A436AC /* Sources */ = {
			isa = PBXSourcesBuildPhase;
			buildActionMask = 2147483647;
			files = (
				5A4570601AF6C3D900A436AC /* GalleryTests.m in Sources */,
			);
			runOnlyForDeploymentPostprocessing = 0;
		};
/* End PBXSourcesBuildPhase section */

/* Begin PBXTargetDependency section */
		5A45705B1AF6C3D900A436AC /* PBXTargetDependency */ = {
			isa = PBXTargetDependency;
			target = 5A45703F1AF6C3D900A436AC /* Gallery */;
			targetProxy = 5A45705A1AF6C3D900A436AC /* PBXContainerItemProxy */;
		};
/* End PBXTargetDependency section */

/* Begin PBXVariantGroup section */
		5A4570521AF6C3D900A436AC /* LaunchScreen.xib */ = {
			isa = PBXVariantGroup;
			children = (
				5A4570531AF6C3D900A436AC /* Base */,
			);
			name = LaunchScreen.xib;
			sourceTree = "<group>";
		};
/* End PBXVariantGroup section */

/* Begin XCBuildConfiguration section */
		5A4570611AF6C3D900A436AC /* Debug */ = {
			isa = XCBuildConfiguration;
			buildSettings = {
				ALWAYS_SEARCH_USER_PATHS = NO;
				CLANG_CXX_LANGUAGE_STANDARD = "gnu++0x";
				CLANG_CXX_LIBRARY = "libc++";
				CLANG_ENABLE_MODULES = YES;
				CLANG_ENABLE_OBJC_ARC = YES;
				CLANG_WARN_BOOL_CONVERSION = YES;
				CLANG_WARN_CONSTANT_CONVERSION = YES;
				CLANG_WARN_DIRECT_OBJC_ISA_USAGE = YES_ERROR;
				CLANG_WARN_EMPTY_BODY = YES;
				CLANG_WARN_ENUM_CONVERSION = YES;
				CLANG_WARN_INT_CONVERSION = YES;
				CLANG_WARN_OBJC_ROOT_CLASS = YES_ERROR;
				CLANG_WARN_UNREACHABLE_CODE = YES;
				CLANG_WARN__DUPLICATE_METHOD_MATCH = YES;
				"CODE_SIGN_IDENTITY[sdk=iphoneos*]" = "iPhone Developer";
				COPY_PHASE_STRIP = NO;
				ENABLE_STRICT_OBJC_MSGSEND = YES;
				GCC_C_LANGUAGE_STANDARD = gnu99;
				GCC_DYNAMIC_NO_PIC = NO;
				GCC_OPTIMIZATION_LEVEL = 0;
				GCC_PREPROCESSOR_DEFINITIONS = (
					"DEBUG=1",
					"$(inherited)",
				);
				GCC_SYMBOLS_PRIVATE_EXTERN = NO;
				GCC_WARN_64_TO_32_BIT_CONVERSION = YES;
				GCC_WARN_ABOUT_RETURN_TYPE = YES_ERROR;
				GCC_WARN_UNDECLARED_SELECTOR = YES;
				GCC_WARN_UNINITIALIZED_AUTOS = YES_AGGRESSIVE;
				GCC_WARN_UNUSED_FUNCTION = YES;
				GCC_WARN_UNUSED_VARIABLE = YES;
				IPHONEOS_DEPLOYMENT_TARGET = 8.2;
				MTL_ENABLE_DEBUG_INFO = YES;
				ONLY_ACTIVE_ARCH = YES;
				SDKROOT = iphoneos;
				TARGETED_DEVICE_FAMILY = 2;
			};
			name = Debug;
		};
		5A4570621AF6C3D900A436AC /* Release */ = {
			isa = XCBuildConfiguration;
			buildSettings = {
				ALWAYS_SEARCH_USER_PATHS = NO;
				CLANG_CXX_LANGUAGE_STANDARD = "gnu++0x";
				CLANG_CXX_LIBRARY = "libc++";
				CLANG_ENABLE_MODULES = YES;
				CLANG_ENABLE_OBJC_ARC = YES;
				CLANG_WARN_BOOL_CONVERSION = YES;
				CLANG_WARN_CONSTANT_CONVERSION = YES;
				CLANG_WARN_DIRECT_OBJC_ISA_USAGE = YES_ERROR;
				CLANG_WARN_EMPTY_BODY = YES;
				CLANG_WARN_ENUM_CONVERSION = YES;
				CLANG_WARN_INT_CONVERSION = YES;
				CLANG_WARN_OBJC_ROOT_CLASS = YES_ERROR;
				CLANG_WARN_UNREACHABLE_CODE = YES;
				CLANG_WARN__DUPLICATE_METHOD_MATCH = YES;
				"CODE_SIGN_IDENTITY[sdk=iphoneos*]" = "iPhone Developer";
				COPY_PHASE_STRIP = NO;
				ENABLE_NS_ASSERTIONS = NO;
				ENABLE_STRICT_OBJC_MSGSEND = YES;
				GCC_C_LANGUAGE_STANDARD = gnu99;
				GCC_WARN_64_TO_32_BIT_CONVERSION = YES;
				GCC_WARN_ABOUT_RETURN_TYPE = YES_ERROR;
				GCC_WARN_UNDECLARED_SELECTOR = YES;
				GCC_WARN_UNINITIALIZED_AUTOS = YES_AGGRESSIVE;
				GCC_WARN_UNUSED_FUNCTION = YES;
				GCC_WARN_UNUSED_VARIABLE = YES;
				IPHONEOS_DEPLOYMENT_TARGET = 8.2;
				MTL_ENABLE_DEBUG_INFO = NO;
				SDKROOT = iphoneos;
				TARGETED_DEVICE_FAMILY = 2;
				VALIDATE_PRODUCT = YES;
			};
			name = Release;
		};
		5A4570641AF6C3D900A436AC /* Debug */ = {
			isa = XCBuildConfiguration;
			buildSettings = {
				ASSETCATALOG_COMPILER_APPICON_NAME = AppIcon;
				INFOPLIST_FILE = Gallery/Info.plist;
				IPHONEOS_DEPLOYMENT_TARGET = 8.0;
				LD_RUNPATH_SEARCH_PATHS = "$(inherited) @executable_path/Frameworks";
				PRODUCT_NAME = "$(TARGET_NAME)";
			};
			name = Debug;
		};
		5A4570651AF6C3D900A436AC /* Release */ = {
			isa = XCBuildConfiguration;
			buildSettings = {
				ASSETCATALOG_COMPILER_APPICON_NAME = AppIcon;
				INFOPLIST_FILE = Gallery/Info.plist;
				IPHONEOS_DEPLOYMENT_TARGET = 8.0;
				LD_RUNPATH_SEARCH_PATHS = "$(inherited) @executable_path/Frameworks";
				PRODUCT_NAME = "$(TARGET_NAME)";
			};
			name = Release;
		};
		5A4570671AF6C3D900A436AC /* Debug */ = {
			isa = XCBuildConfiguration;
			buildSettings = {
				BUNDLE_LOADER = "$(TEST_HOST)";
				FRAMEWORK_SEARCH_PATHS = (
					"$(SDKROOT)/Developer/Library/Frameworks",
					"$(inherited)",
				);
				GCC_PREPROCESSOR_DEFINITIONS = (
					"DEBUG=1",
					"$(inherited)",
				);
				INFOPLIST_FILE = GalleryTests/Info.plist;
				LD_RUNPATH_SEARCH_PATHS = "$(inherited) @executable_path/Frameworks @loader_path/Frameworks";
				PRODUCT_NAME = "$(TARGET_NAME)";
				TEST_HOST = "$(BUILT_PRODUCTS_DIR)/Gallery.app/Gallery";
			};
			name = Debug;
		};
		5A4570681AF6C3D900A436AC /* Release */ = {
			isa = XCBuildConfiguration;
			buildSettings = {
				BUNDLE_LOADER = "$(TEST_HOST)";
				FRAMEWORK_SEARCH_PATHS = (
					"$(SDKROOT)/Developer/Library/Frameworks",
					"$(inherited)",
				);
				INFOPLIST_FILE = GalleryTests/Info.plist;
				LD_RUNPATH_SEARCH_PATHS = "$(inherited) @executable_path/Frameworks @loader_path/Frameworks";
				PRODUCT_NAME = "$(TARGET_NAME)";
				TEST_HOST = "$(BUILT_PRODUCTS_DIR)/Gallery.app/Gallery";
			};
			name = Release;
		};
/* End XCBuildConfiguration section */

/* Begin XCConfigurationList section */
		5A45703B1AF6C3D900A436AC /* Build configuration list for PBXProject "Gallery" */ = {
			isa = XCConfigurationList;
			buildConfigurations = (
				5A4570611AF6C3D900A436AC /* Debug */,
				5A4570621AF6C3D900A436AC /* Release */,
			);
			defaultConfigurationIsVisible = 0;
			defaultConfigurationName = Release;
		};
		5A4570631AF6C3D900A436AC /* Build configuration list for PBXNativeTarget "Gallery" */ = {
			isa = XCConfigurationList;
			buildConfigurations = (
				5A4570641AF6C3D900A436AC /* Debug */,
				5A4570651AF6C3D900A436AC /* Release */,
			);
			defaultConfigurationIsVisible = 0;
			defaultConfigurationName = Release;
		};
		5A4570661AF6C3D900A436AC /* Build configuration list for PBXNativeTarget "GalleryTests" */ = {
			isa = XCConfigurationList;
			buildConfigurations = (
				5A4570671AF6C3D900A436AC /* Debug */,
				5A4570681AF6C3D900A436AC /* Release */,
			);
			defaultConfigurationIsVisible = 0;
			defaultConfigurationName = Release;
		};
/* End XCConfigurationList section */
	};
	rootObject = 5A4570381AF6C3D900A436AC /* Project object */;
}
